// !$*UTF8*$!
{
	archiveVersion = 1;
	classes = {
	};
	objectVersion = 46;
	objects = {

/* Begin PBXBuildFile section */
		A70E51501941109C001460A2 /* Foundation.framework in Frameworks */ = {isa = PBXBuildFile; fileRef = A70E514F1941109C001460A2 /* Foundation.framework */; };
		A70E51521941109C001460A2 /* CoreGraphics.framework in Frameworks */ = {isa = PBXBuildFile; fileRef = A70E51511941109C001460A2 /* CoreGraphics.framework */; };
		A70E51541941109C001460A2 /* UIKit.framework in Frameworks */ = {isa = PBXBuildFile; fileRef = A70E51531941109C001460A2 /* UIKit.framework */; };
		A70E515A1941109C001460A2 /* InfoPlist.strings in Resources */ = {isa = PBXBuildFile; fileRef = A70E51581941109C001460A2 /* InfoPlist.strings */; };
		A70E515C1941109C001460A2 /* main.m in Sources */ = {isa = PBXBuildFile; fileRef = A70E515B1941109C001460A2 /* main.m */; };
		A70E51601941109C001460A2 /* AppDelegate.m in Sources */ = {isa = PBXBuildFile; fileRef = A70E515F1941109C001460A2 /* AppDelegate.m */; };
		A70E51631941109C001460A2 /* Main.storyboard in Resources */ = {isa = PBXBuildFile; fileRef = A70E51611941109C001460A2 /* Main.storyboard */; };
		A70E51661941109C001460A2 /* ViewController.m in Sources */ = {isa = PBXBuildFile; fileRef = A70E51651941109C001460A2 /* ViewController.m */; };
		A70E51681941109C001460A2 /* Images.xcassets in Resources */ = {isa = PBXBuildFile; fileRef = A70E51671941109C001460A2 /* Images.xcassets */; };
		A70E516F1941109C001460A2 /* XCTest.framework in Frameworks */ = {isa = PBXBuildFile; fileRef = A70E516E1941109C001460A2 /* XCTest.framework */; };
		A70E51701941109C001460A2 /* Foundation.framework in Frameworks */ = {isa = PBXBuildFile; fileRef = A70E514F1941109C001460A2 /* Foundation.framework */; };
		A70E51711941109C001460A2 /* UIKit.framework in Frameworks */ = {isa = PBXBuildFile; fileRef = A70E51531941109C001460A2 /* UIKit.framework */; };
		A70E51791941109C001460A2 /* InfoPlist.strings in Resources */ = {isa = PBXBuildFile; fileRef = A70E51771941109C001460A2 /* InfoPlist.strings */; };
		A70E517B1941109C001460A2 /* AFBlurSegue_DemoTests.m in Sources */ = {isa = PBXBuildFile; fileRef = A70E517A1941109C001460A2 /* AFBlurSegue_DemoTests.m */; };
		A70E5187194110DE001460A2 /* AFBlurSegue.m in Sources */ = {isa = PBXBuildFile; fileRef = A70E5186194110DE001460A2 /* AFBlurSegue.m */; };
		A70E51891941112B001460A2 /* UIImage+ImageEffects.m in Sources */ = {isa = PBXBuildFile; fileRef = A70E51881941112B001460A2 /* UIImage+ImageEffects.m */; };
		A70E518C194119B7001460A2 /* bg.png in Resources */ = {isa = PBXBuildFile; fileRef = A70E518B194119B7001460A2 /* bg.png */; };
		A70E518F194119DF001460A2 /* DestinationViewController.m in Sources */ = {isa = PBXBuildFile; fileRef = A70E518E194119DF001460A2 /* DestinationViewController.m */; };
/* End PBXBuildFile section */

/* Begin PBXContainerItemProxy section */
		A70E51721941109C001460A2 /* PBXContainerItemProxy */ = {
			isa = PBXContainerItemProxy;
			containerPortal = A70E51441941109B001460A2 /* Project object */;
			proxyType = 1;
			remoteGlobalIDString = A70E514B1941109B001460A2;
			remoteInfo = "AFBlurSegue-Demo";
		};
/* End PBXContainerItemProxy section */

/* Begin PBXFileReference section */
		A70E514C1941109B001460A2 /* AFBlurSegue-Demo.app */ = {isa = PBXFileReference; explicitFileType = wrapper.application; includeInIndex = 0; path = "AFBlurSegue-Demo.app"; sourceTree = BUILT_PRODUCTS_DIR; };
		A70E514F1941109C001460A2 /* Foundation.framework */ = {isa = PBXFileReference; lastKnownFileType = wrapper.framework; name = Foundation.framework; path = System/Library/Frameworks/Foundation.framework; sourceTree = SDKROOT; };
		A70E51511941109C001460A2 /* CoreGraphics.framework */ = {isa = PBXFileReference; lastKnownFileType = wrapper.framework; name = CoreGraphics.framework; path = System/Library/Frameworks/CoreGraphics.framework; sourceTree = SDKROOT; };
		A70E51531941109C001460A2 /* UIKit.framework */ = {isa = PBXFileReference; lastKnownFileType = wrapper.framework; name = UIKit.framework; path = System/Library/Frameworks/UIKit.framework; sourceTree = SDKROOT; };
		A70E51571941109C001460A2 /* AFBlurSegue-Demo-Info.plist */ = {isa = PBXFileReference; lastKnownFileType = text.plist.xml; path = "AFBlurSegue-Demo-Info.plist"; sourceTree = "<group>"; };
		A70E51591941109C001460A2 /* en */ = {isa = PBXFileReference; lastKnownFileType = text.plist.strings; name = en; path = en.lproj/InfoPlist.strings; sourceTree = "<group>"; };
		A70E515B1941109C001460A2 /* main.m */ = {isa = PBXFileReference; lastKnownFileType = sourcecode.c.objc; path = main.m; sourceTree = "<group>"; };
		A70E515D1941109C001460A2 /* AFBlurSegue-Demo-Prefix.pch */ = {isa = PBXFileReference; lastKnownFileType = sourcecode.c.h; path = "AFBlurSegue-Demo-Prefix.pch"; sourceTree = "<group>"; };
		A70E515E1941109C001460A2 /* AppDelegate.h */ = {isa = PBXFileReference; lastKnownFileType = sourcecode.c.h; path = AppDelegate.h; sourceTree = "<group>"; };
		A70E515F1941109C001460A2 /* AppDelegate.m */ = {isa = PBXFileReference; lastKnownFileType = sourcecode.c.objc; path = AppDelegate.m; sourceTree = "<group>"; };
		A70E51621941109C001460A2 /* Base */ = {isa = PBXFileReference; lastKnownFileType = file.storyboard; name = Base; path = Base.lproj/Main.storyboard; sourceTree = "<group>"; };
		A70E51641941109C001460A2 /* ViewController.h */ = {isa = PBXFileReference; lastKnownFileType = sourcecode.c.h; path = ViewController.h; sourceTree = "<group>"; };
		A70E51651941109C001460A2 /* ViewController.m */ = {isa = PBXFileReference; lastKnownFileType = sourcecode.c.objc; path = ViewController.m; sourceTree = "<group>"; };
		A70E51671941109C001460A2 /* Images.xcassets */ = {isa = PBXFileReference; lastKnownFileType = folder.assetcatalog; path = Images.xcassets; sourceTree = "<group>"; };
		A70E516D1941109C001460A2 /* AFBlurSegue-DemoTests.xctest */ = {isa = PBXFileReference; explicitFileType = wrapper.cfbundle; includeInIndex = 0; path = "AFBlurSegue-DemoTests.xctest"; sourceTree = BUILT_PRODUCTS_DIR; };
		A70E516E1941109C001460A2 /* XCTest.framework */ = {isa = PBXFileReference; lastKnownFileType = wrapper.framework; name = XCTest.framework; path = Library/Frameworks/XCTest.framework; sourceTree = DEVELOPER_DIR; };
		A70E51761941109C001460A2 /* AFBlurSegue-DemoTests-Info.plist */ = {isa = PBXFileReference; lastKnownFileType = text.plist.xml; path = "AFBlurSegue-DemoTests-Info.plist"; sourceTree = "<group>"; };
		A70E51781941109C001460A2 /* en */ = {isa = PBXFileReference; lastKnownFileType = text.plist.strings; name = en; path = en.lproj/InfoPlist.strings; sourceTree = "<group>"; };
		A70E517A1941109C001460A2 /* AFBlurSegue_DemoTests.m */ = {isa = PBXFileReference; lastKnownFileType = sourcecode.c.objc; path = AFBlurSegue_DemoTests.m; sourceTree = "<group>"; };
		A70E5185194110DE001460A2 /* AFBlurSegue.h */ = {isa = PBXFileReference; fileEncoding = 4; lastKnownFileType = sourcecode.c.h; path = AFBlurSegue.h; sourceTree = "<group>"; };
		A70E5186194110DE001460A2 /* AFBlurSegue.m */ = {isa = PBXFileReference; fileEncoding = 4; lastKnownFileType = sourcecode.c.objc; path = AFBlurSegue.m; sourceTree = "<group>"; };
		A70E51881941112B001460A2 /* UIImage+ImageEffects.m */ = {isa = PBXFileReference; fileEncoding = 4; lastKnownFileType = sourcecode.c.objc; path = "UIImage+ImageEffects.m"; sourceTree = "<group>"; };
		A70E518A1941112F001460A2 /* UIImage+ImageEffects.h */ = {isa = PBXFileReference; lastKnownFileType = sourcecode.c.h; path = "UIImage+ImageEffects.h"; sourceTree = "<group>"; };
		A70E518B194119B7001460A2 /* bg.png */ = {isa = PBXFileReference; lastKnownFileType = image.png; path = bg.png; sourceTree = "<group>"; };
		A70E518D194119DF001460A2 /* DestinationViewController.h */ = {isa = PBXFileReference; fileEncoding = 4; lastKnownFileType = sourcecode.c.h; path = DestinationViewController.h; sourceTree = "<group>"; };
		A70E518E194119DF001460A2 /* DestinationViewController.m */ = {isa = PBXFileReference; fileEncoding = 4; lastKnownFileType = sourcecode.c.objc; path = DestinationViewController.m; sourceTree = "<group>"; };
/* End PBXFileReference section */

/* Begin PBXFrameworksBuildPhase section */
		A70E51491941109B001460A2 /* Frameworks */ = {
			isa = PBXFrameworksBuildPhase;
			buildActionMask = 2147483647;
			files = (
				A70E51521941109C001460A2 /* CoreGraphics.framework in Frameworks */,
				A70E51541941109C001460A2 /* UIKit.framework in Frameworks */,
				A70E51501941109C001460A2 /* Foundation.framework in Frameworks */,
			);
			runOnlyForDeploymentPostprocessing = 0;
		};
		A70E516A1941109C001460A2 /* Frameworks */ = {
			isa = PBXFrameworksBuildPhase;
			buildActionMask = 2147483647;
			files = (
				A70E516F1941109C001460A2 /* XCTest.framework in Frameworks */,
				A70E51711941109C001460A2 /* UIKit.framework in Frameworks */,
				A70E51701941109C001460A2 /* Foundation.framework in Frameworks */,
			);
			runOnlyForDeploymentPostprocessing = 0;
		};
/* End PBXFrameworksBuildPhase section */

/* Begin PBXGroup section */
		A70E51431941109B001460A2 = {
			isa = PBXGroup;
			children = (
				A70E51551941109C001460A2 /* AFBlurSegue-Demo */,
				A70E51741941109C001460A2 /* AFBlurSegue-DemoTests */,
				A70E514E1941109B001460A2 /* Frameworks */,
				A70E514D1941109B001460A2 /* Products */,
			);
			sourceTree = "<group>";
		};
		A70E514D1941109B001460A2 /* Products */ = {
			isa = PBXGroup;
			children = (
				A70E514C1941109B001460A2 /* AFBlurSegue-Demo.app */,
				A70E516D1941109C001460A2 /* AFBlurSegue-DemoTests.xctest */,
			);
			name = Products;
			sourceTree = "<group>";
		};
		A70E514E1941109B001460A2 /* Frameworks */ = {
			isa = PBXGroup;
			children = (
				A70E514F1941109C001460A2 /* Foundation.framework */,
				A70E51511941109C001460A2 /* CoreGraphics.framework */,
				A70E51531941109C001460A2 /* UIKit.framework */,
				A70E516E1941109C001460A2 /* XCTest.framework */,
			);
			name = Frameworks;
			sourceTree = "<group>";
		};
		A70E51551941109C001460A2 /* AFBlurSegue-Demo */ = {
			isa = PBXGroup;
			children = (
				A70E515E1941109C001460A2 /* AppDelegate.h */,
				A70E515F1941109C001460A2 /* AppDelegate.m */,
				A70E51611941109C001460A2 /* Main.storyboard */,
				A70E51641941109C001460A2 /* ViewController.h */,
				A70E51651941109C001460A2 /* ViewController.m */,
				A70E518D194119DF001460A2 /* DestinationViewController.h */,
				A70E518E194119DF001460A2 /* DestinationViewController.m */,
				A70E518B194119B7001460A2 /* bg.png */,
				A70E5184194110AD001460A2 /* AFBlurSegue */,
				A70E51671941109C001460A2 /* Images.xcassets */,
				A70E51561941109C001460A2 /* Supporting Files */,
			);
			path = "AFBlurSegue-Demo";
			sourceTree = "<group>";
		};
		A70E51561941109C001460A2 /* Supporting Files */ = {
			isa = PBXGroup;
			children = (
				A70E51571941109C001460A2 /* AFBlurSegue-Demo-Info.plist */,
				A70E51581941109C001460A2 /* InfoPlist.strings */,
				A70E515B1941109C001460A2 /* main.m */,
				A70E515D1941109C001460A2 /* AFBlurSegue-Demo-Prefix.pch */,
			);
			name = "Supporting Files";
			sourceTree = "<group>";
		};
		A70E51741941109C001460A2 /* AFBlurSegue-DemoTests */ = {
			isa = PBXGroup;
			children = (
				A70E517A1941109C001460A2 /* AFBlurSegue_DemoTests.m */,
				A70E51751941109C001460A2 /* Supporting Files */,
			);
			path = "AFBlurSegue-DemoTests";
			sourceTree = "<group>";
		};
		A70E51751941109C001460A2 /* Supporting Files */ = {
			isa = PBXGroup;
			children = (
				A70E51761941109C001460A2 /* AFBlurSegue-DemoTests-Info.plist */,
				A70E51771941109C001460A2 /* InfoPlist.strings */,
			);
			name = "Supporting Files";
			sourceTree = "<group>";
		};
		A70E5184194110AD001460A2 /* AFBlurSegue */ = {
			isa = PBXGroup;
			children = (
				A70E5185194110DE001460A2 /* AFBlurSegue.h */,
				A70E5186194110DE001460A2 /* AFBlurSegue.m */,
				A70E518A1941112F001460A2 /* UIImage+ImageEffects.h */,
				A70E51881941112B001460A2 /* UIImage+ImageEffects.m */,
			);
			name = AFBlurSegue;
			sourceTree = "<group>";
		};
/* End PBXGroup section */

/* Begin PBXNativeTarget section */
		A70E514B1941109B001460A2 /* AFBlurSegue-Demo */ = {
			isa = PBXNativeTarget;
			buildConfigurationList = A70E517E1941109C001460A2 /* Build configuration list for PBXNativeTarget "AFBlurSegue-Demo" */;
			buildPhases = (
				A70E51481941109B001460A2 /* Sources */,
				A70E51491941109B001460A2 /* Frameworks */,
				A70E514A1941109B001460A2 /* Resources */,
			);
			buildRules = (
			);
			dependencies = (
			);
			name = "AFBlurSegue-Demo";
			productName = "AFBlurSegue-Demo";
			productReference = A70E514C1941109B001460A2 /* AFBlurSegue-Demo.app */;
			productType = "com.apple.product-type.application";
		};
		A70E516C1941109C001460A2 /* AFBlurSegue-DemoTests */ = {
			isa = PBXNativeTarget;
			buildConfigurationList = A70E51811941109C001460A2 /* Build configuration list for PBXNativeTarget "AFBlurSegue-DemoTests" */;
			buildPhases = (
				A70E51691941109C001460A2 /* Sources */,
				A70E516A1941109C001460A2 /* Frameworks */,
				A70E516B1941109C001460A2 /* Resources */,
			);
			buildRules = (
			);
			dependencies = (
				A70E51731941109C001460A2 /* PBXTargetDependency */,
			);
			name = "AFBlurSegue-DemoTests";
			productName = "AFBlurSegue-DemoTests";
			productReference = A70E516D1941109C001460A2 /* AFBlurSegue-DemoTests.xctest */;
			productType = "com.apple.product-type.bundle.unit-test";
		};
/* End PBXNativeTarget section */

/* Begin PBXProject section */
		A70E51441941109B001460A2 /* Project object */ = {
			isa = PBXProject;
			attributes = {
				LastUpgradeCheck = 0500;
				ORGANIZATIONNAME = AlvaroFranco;
				TargetAttributes = {
					A70E516C1941109C001460A2 = {
						TestTargetID = A70E514B1941109B001460A2;
					};
				};
			};
			buildConfigurationList = A70E51471941109B001460A2 /* Build configuration list for PBXProject "AFBlurSegue-Demo" */;
			compatibilityVersion = "Xcode 3.2";
			developmentRegion = English;
			hasScannedForEncodings = 0;
			knownRegions = (
				en,
				Base,
			);
			mainGroup = A70E51431941109B001460A2;
			productRefGroup = A70E514D1941109B001460A2 /* Products */;
			projectDirPath = "";
			projectRoot = "";
			targets = (
				A70E514B1941109B001460A2 /* AFBlurSegue-Demo */,
				A70E516C1941109C001460A2 /* AFBlurSegue-DemoTests */,
			);
		};
/* End PBXProject section */

/* Begin PBXResourcesBuildPhase section */
		A70E514A1941109B001460A2 /* Resources */ = {
			isa = PBXResourcesBuildPhase;
			buildActionMask = 2147483647;
			files = (
				A70E51681941109C001460A2 /* Images.xcassets in Resources */,
				A70E515A1941109C001460A2 /* InfoPlist.strings in Resources */,
				A70E518C194119B7001460A2 /* bg.png in Resources */,
				A70E51631941109C001460A2 /* Main.storyboard in Resources */,
			);
			runOnlyForDeploymentPostprocessing = 0;
		};
		A70E516B1941109C001460A2 /* Resources */ = {
			isa = PBXResourcesBuildPhase;
			buildActionMask = 2147483647;
			files = (
				A70E51791941109C001460A2 /* InfoPlist.strings in Resources */,
			);
			runOnlyForDeploymentPostprocessing = 0;
		};
/* End PBXResourcesBuildPhase section */

/* Begin PBXSourcesBuildPhase section */
		A70E51481941109B001460A2 /* Sources */ = {
			isa = PBXSourcesBuildPhase;
			buildActionMask = 2147483647;
			files = (
				A70E51661941109C001460A2 /* ViewController.m in Sources */,
				A70E51891941112B001460A2 /* UIImage+ImageEffects.m in Sources */,
				A70E5187194110DE001460A2 /* AFBlurSegue.m in Sources */,
				A70E51601941109C001460A2 /* AppDelegate.m in Sources */,
				A70E515C1941109C001460A2 /* main.m in Sources */,
				A70E518F194119DF001460A2 /* DestinationViewController.m in Sources */,
			);
			runOnlyForDeploymentPostprocessing = 0;
		};
		A70E51691941109C001460A2 /* Sources */ = {
			isa = PBXSourcesBuildPhase;
			buildActionMask = 2147483647;
			files = (
				A70E517B1941109C001460A2 /* AFBlurSegue_DemoTests.m in Sources */,
			);
			runOnlyForDeploymentPostprocessing = 0;
		};
/* End PBXSourcesBuildPhase section */

/* Begin PBXTargetDependency section */
		A70E51731941109C001460A2 /* PBXTargetDependency */ = {
			isa = PBXTargetDependency;
			target = A70E514B1941109B001460A2 /* AFBlurSegue-Demo */;
			targetProxy = A70E51721941109C001460A2 /* PBXContainerItemProxy */;
		};
/* End PBXTargetDependency section */

/* Begin PBXVariantGroup section */
		A70E51581941109C001460A2 /* InfoPlist.strings */ = {
			isa = PBXVariantGroup;
			children = (
				A70E51591941109C001460A2 /* en */,
			);
			name = InfoPlist.strings;
			sourceTree = "<group>";
		};
		A70E51611941109C001460A2 /* Main.storyboard */ = {
			isa = PBXVariantGroup;
			children = (
				A70E51621941109C001460A2 /* Base */,
			);
			name = Main.storyboard;
			sourceTree = "<group>";
		};
		A70E51771941109C001460A2 /* InfoPlist.strings */ = {
			isa = PBXVariantGroup;
			children = (
				A70E51781941109C001460A2 /* en */,
			);
			name = InfoPlist.strings;
			sourceTree = "<group>";
		};
/* End PBXVariantGroup section */

/* Begin XCBuildConfiguration section */
		A70E517C1941109C001460A2 /* Debug */ = {
			isa = XCBuildConfiguration;
			buildSettings = {
				ALWAYS_SEARCH_USER_PATHS = NO;
				ARCHS = "$(ARCHS_STANDARD_INCLUDING_64_BIT)";
				CLANG_CXX_LANGUAGE_STANDARD = "gnu++0x";
				CLANG_CXX_LIBRARY = "libc++";
				CLANG_ENABLE_MODULES = YES;
				CLANG_ENABLE_OBJC_ARC = YES;
				CLANG_WARN_BOOL_CONVERSION = YES;
				CLANG_WARN_CONSTANT_CONVERSION = YES;
				CLANG_WARN_DIRECT_OBJC_ISA_USAGE = YES_ERROR;
				CLANG_WARN_EMPTY_BODY = YES;
				CLANG_WARN_ENUM_CONVERSION = YES;
				CLANG_WARN_INT_CONVERSION = YES;
				CLANG_WARN_OBJC_ROOT_CLASS = YES_ERROR;
				CLANG_WARN__DUPLICATE_METHOD_MATCH = YES;
				"CODE_SIGN_IDENTITY[sdk=iphoneos*]" = "iPhone Developer";
				COPY_PHASE_STRIP = NO;
				GCC_C_LANGUAGE_STANDARD = gnu99;
				GCC_DYNAMIC_NO_PIC = NO;
				GCC_OPTIMIZATION_LEVEL = 0;
				GCC_PREPROCESSOR_DEFINITIONS = (
					"DEBUG=1",
					"$(inherited)",
				);
				GCC_SYMBOLS_PRIVATE_EXTERN = NO;
				GCC_WARN_64_TO_32_BIT_CONVERSION = YES;
				GCC_WARN_ABOUT_RETURN_TYPE = YES_ERROR;
				GCC_WARN_UNDECLARED_SELECTOR = YES;
				GCC_WARN_UNINITIALIZED_AUTOS = YES;
				GCC_WARN_UNUSED_FUNCTION = YES;
				GCC_WARN_UNUSED_VARIABLE = YES;
				IPHONEOS_DEPLOYMENT_TARGET = 7.0;
				ONLY_ACTIVE_ARCH = YES;
				SDKROOT = iphoneos;
			};
			name = Debug;
		};
		A70E517D1941109C001460A2 /* Release */ = {
			isa = XCBuildConfiguration;
			buildSettings = {
				ALWAYS_SEARCH_USER_PATHS = NO;
				ARCHS = "$(ARCHS_STANDARD_INCLUDING_64_BIT)";
				CLANG_CXX_LANGUAGE_STANDARD = "gnu++0x";
				CLANG_CXX_LIBRARY = "libc++";
				CLANG_ENABLE_MODULES = YES;
				CLANG_ENABLE_OBJC_ARC = YES;
				CLANG_WARN_BOOL_CONVERSION = YES;
				CLANG_WARN_CONSTANT_CONVERSION = YES;
				CLANG_WARN_DIRECT_OBJC_ISA_USAGE = YES_ERROR;
				CLANG_WARN_EMPTY_BODY = YES;
				CLANG_WARN_ENUM_CONVERSION = YES;
				CLANG_WARN_INT_CONVERSION = YES;
				CLANG_WARN_OBJC_ROOT_CLASS = YES_ERROR;
				CLANG_WARN__DUPLICATE_METHOD_MATCH = YES;
				"CODE_SIGN_IDENTITY[sdk=iphoneos*]" = "iPhone Developer";
				COPY_PHASE_STRIP = YES;
				ENABLE_NS_ASSERTIONS = NO;
				GCC_C_LANGUAGE_STANDARD = gnu99;
				GCC_WARN_64_TO_32_BIT_CONVERSION = YES;
				GCC_WARN_ABOUT_RETURN_TYPE = YES_ERROR;
				GCC_WARN_UNDECLARED_SELECTOR = YES;
				GCC_WARN_UNINITIALIZED_AUTOS = YES;
				GCC_WARN_UNUSED_FUNCTION = YES;
				GCC_WARN_UNUSED_VARIABLE = YES;
				IPHONEOS_DEPLOYMENT_TARGET = 7.0;
				SDKROOT = iphoneos;
				VALIDATE_PRODUCT = YES;
			};
			name = Release;
		};
		A70E517F1941109C001460A2 /* Debug */ = {
			isa = XCBuildConfiguration;
			buildSettings = {
				ASSETCATALOG_COMPILER_APPICON_NAME = AppIcon;
				ASSETCATALOG_COMPILER_LAUNCHIMAGE_NAME = LaunchImage;
				GCC_PRECOMPILE_PREFIX_HEADER = YES;
				GCC_PREFIX_HEADER = "AFBlurSegue-Demo/AFBlurSegue-Demo-Prefix.pch";
				INFOPLIST_FILE = "AFBlurSegue-Demo/AFBlurSegue-Demo-Info.plist";
				PRODUCT_NAME = "$(TARGET_NAME)";
				WRAPPER_EXTENSION = app;
			};
			name = Debug;
		};
		A70E51801941109C001460A2 /* Release */ = {
			isa = XCBuildConfiguration;
			buildSettings = {
				ASSETCATALOG_COMPILER_APPICON_NAME = AppIcon;
				ASSETCATALOG_COMPILER_LAUNCHIMAGE_NAME = LaunchImage;
				GCC_PRECOMPILE_PREFIX_HEADER = YES;
				GCC_PREFIX_HEADER = "AFBlurSegue-Demo/AFBlurSegue-Demo-Prefix.pch";
				INFOPLIST_FILE = "AFBlurSegue-Demo/AFBlurSegue-Demo-Info.plist";
				PRODUCT_NAME = "$(TARGET_NAME)";
				WRAPPER_EXTENSION = app;
			};
			name = Release;
		};
		A70E51821941109C001460A2 /* Debug */ = {
			isa = XCBuildConfiguration;
			buildSettings = {
				ARCHS = "$(ARCHS_STANDARD_INCLUDING_64_BIT)";
				BUNDLE_LOADER = "$(BUILT_PRODUCTS_DIR)/AFBlurSegue-Demo.app/AFBlurSegue-Demo";
				FRAMEWORK_SEARCH_PATHS = (
					"$(SDKROOT)/Developer/Library/Frameworks",
					"$(inherited)",
					"$(DEVELOPER_FRAMEWORKS_DIR)",
				);
				GCC_PRECOMPILE_PREFIX_HEADER = YES;
				GCC_PREFIX_HEADER = "AFBlurSegue-Demo/AFBlurSegue-Demo-Prefix.pch";
				GCC_PREPROCESSOR_DEFINITIONS = (
					"DEBUG=1",
					"$(inherited)",
				);
				INFOPLIST_FILE = "AFBlurSegue-DemoTests/AFBlurSegue-DemoTests-Info.plist";
				PRODUCT_NAME = "$(TARGET_NAME)";
				TEST_HOST = "$(BUNDLE_LOADER)";
				WRAPPER_EXTENSION = xctest;
			};
			name = Debug;
		};
		A70E51831941109C001460A2 /* Release */ = {
			isa = XCBuildConfiguration;
			buildSettings = {
				ARCHS = "$(ARCHS_STANDARD_INCLUDING_64_BIT)";
				BUNDLE_LOADER = "$(BUILT_PRODUCTS_DIR)/AFBlurSegue-Demo.app/AFBlurSegue-Demo";
				FRAMEWORK_SEARCH_PATHS = (
					"$(SDKROOT)/Developer/Library/Frameworks",
					"$(inherited)",
					"$(DEVELOPER_FRAMEWORKS_DIR)",
				);
				GCC_PRECOMPILE_PREFIX_HEADER = YES;
				GCC_PREFIX_HEADER = "AFBlurSegue-Demo/AFBlurSegue-Demo-Prefix.pch";
				INFOPLIST_FILE = "AFBlurSegue-DemoTests/AFBlurSegue-DemoTests-Info.plist";
				PRODUCT_NAME = "$(TARGET_NAME)";
				TEST_HOST = "$(BUNDLE_LOADER)";
				WRAPPER_EXTENSION = xctest;
			};
			name = Release;
		};
/* End XCBuildConfiguration section */

/* Begin XCConfigurationList section */
		A70E51471941109B001460A2 /* Build configuration list for PBXProject "AFBlurSegue-Demo" */ = {
			isa = XCConfigurationList;
			buildConfigurations = (
				A70E517C1941109C001460A2 /* Debug */,
				A70E517D1941109C001460A2 /* Release */,
			);
			defaultConfigurationIsVisible = 0;
			defaultConfigurationName = Release;
		};
		A70E517E1941109C001460A2 /* Build configuration list for PBXNativeTarget "AFBlurSegue-Demo" */ = {
			isa = XCConfigurationList;
			buildConfigurations = (
				A70E517F1941109C001460A2 /* Debug */,
				A70E51801941109C001460A2 /* Release */,
			);
			defaultConfigurationIsVisible = 0;
		};
		A70E51811941109C001460A2 /* Build configuration list for PBXNativeTarget "AFBlurSegue-DemoTests" */ = {
			isa = XCConfigurationList;
			buildConfigurations = (
				A70E51821941109C001460A2 /* Debug */,
				A70E51831941109C001460A2 /* Release */,
			);
			defaultConfigurationIsVisible = 0;
		};
/* End XCConfigurationList section */
	};
	rootObject = A70E51441941109B001460A2 /* Project object */;
}
